<Solution>
  <Project Path="GotaSequenceLib/GotaSequenceLib.csproj" Id="d06e248a-ef7a-4f1e-9a71-76204d61ff80" />
  <Project Path="GotaSoundBank/GotaSoundBank.csproj" Id="2642e217-5595-4e4b-9b6d-f5cfd937eb25" />
  <Project Path="GotaSoundIO/GotaSoundIO.csproj" Id="f0bcd085-9dc4-4b22-b791-c725ca8e46f6" />
  <Project Path="NitroStudio2/NitroStudio2.csproj" Id="bf551fb5-a4ce-4f6d-a8f1-3893302f4581" />
  <Project Path="NitroFileLoader/NitroFileLoader.csproj" Id="132d5da0-bd98-4fcb-9a9c-73556c16b2c0" />
  <Project Path="Sanford.Multimedia.Midi.Core/Sanford.Multimedia.Midi.Core.csproj" Id="1886dae1-aea4-46c0-b971-1e03406e0e07" />
</Solution>
